
Microsoft Visual Studio Solution File, Format Version 11.00
# Visual Studio 2010
Project("{FAE04EC0-301F-11D3-BF4B-00C04F79EFBC}") = "SiteProvisionFeature", "SiteProvisionFeature\SiteProvisionFeature.csproj", "{632AA7C3-1626-46DF-92CF-147C6056AAEE}"
	ProjectSection(ProjectDependencies) = postProject
		{49FDCCC8-8186-4EF0-98BA-CF477C61BA26} = {49FDCCC8-8186-4EF0-98BA-CF477C61BA26}
	EndProjectSection
EndProject
Project("{FAE04EC0-301F-11D3-BF4B-00C04F79EFBC}") = "SiteProvisionActivity", "SiteProvisionActivity\SiteProvisionActivity.csproj", "{49FDCCC8-8186-4EF0-98BA-CF477C61BA26}"
EndProject
Global
	GlobalSection(SolutionConfigurationPlatforms) = preSolution
		Debug|Any CPU = Debug|Any CPU
		Release|Any CPU = Release|Any CPU
	EndGlobalSection
	GlobalSection(ProjectConfigurationPlatforms) = postSolution
		{632AA7C3-1626-46DF-92CF-147C6056AAEE}.Debug|Any CPU.ActiveCfg = Debug|Any CPU
		{632AA7C3-1626-46DF-92CF-147C6056AAEE}.Debug|Any CPU.Build.0 = Debug|Any CPU
		{632AA7C3-1626-46DF-92CF-147C6056AAEE}.Debug|Any CPU.Deploy.0 = Debug|Any CPU
		{632AA7C3-1626-46DF-92CF-147C6056AAEE}.Release|Any CPU.ActiveCfg = Release|Any CPU
		{632AA7C3-1626-46DF-92CF-147C6056AAEE}.Release|Any CPU.Build.0 = Release|Any CPU
		{632AA7C3-1626-46DF-92CF-147C6056AAEE}.Release|Any CPU.Deploy.0 = Release|Any CPU
		{49FDCCC8-8186-4EF0-98BA-CF477C61BA26}.Debug|Any CPU.ActiveCfg = Debug|Any CPU
		{49FDCCC8-8186-4EF0-98BA-CF477C61BA26}.Debug|Any CPU.Build.0 = Debug|Any CPU
		{49FDCCC8-8186-4EF0-98BA-CF477C61BA26}.Release|Any CPU.ActiveCfg = Release|Any CPU
		{49FDCCC8-8186-4EF0-98BA-CF477C61BA26}.Release|Any CPU.Build.0 = Release|Any CPU
	EndGlobalSection
	GlobalSection(SolutionProperties) = preSolution
		HideSolutionNode = FALSE
	EndGlobalSection
EndGlobal
