
Microsoft Visual Studio Solution File, Format Version 11.00
# Visual Studio 2010
Project("{FAE04EC0-301F-11D3-BF4B-00C04F79EFBC}") = "BuildBriefing", "BuildBriefing\BuildBriefing.csproj", "{5239CE79-699A-4927-A2F4-193959F0818F}"
EndProject
Global
	GlobalSection(SolutionConfigurationPlatforms) = preSolution
		Debug|Any CPU = Debug|Any CPU
		Release|Any CPU = Release|Any CPU
	EndGlobalSection
	GlobalSection(ProjectConfigurationPlatforms) = postSolution
		{5239CE79-699A-4927-A2F4-193959F0818F}.Debug|Any CPU.ActiveCfg = Debug|Any CPU
		{5239CE79-699A-4927-A2F4-193959F0818F}.Debug|Any CPU.Build.0 = Debug|Any CPU
		{5239CE79-699A-4927-A2F4-193959F0818F}.Release|Any CPU.ActiveCfg = Release|Any CPU
		{5239CE79-699A-4927-A2F4-193959F0818F}.Release|Any CPU.Build.0 = Release|Any CPU
	EndGlobalSection
	GlobalSection(SolutionProperties) = preSolution
		HideSolutionNode = FALSE
	EndGlobalSection
EndGlobal
